
Microsoft Visual Studio Solution File, Format Version 12.00
# Visual Studio Version 17
VisualStudioVersion = 17.14.36301.6 d17.14
MinimumVisualStudioVersion = 10.0.40219.1
Project("{FAE04EC0-301F-11D3-BF4B-00C04F79EFBC}") = "CadastroProduto", "CadastroProduto\CadastroProduto.csproj", "{DC826601-80E8-439D-A4AC-CA95F2935FD7}"
EndProject
Global
	GlobalSection(SolutionConfigurationPlatforms) = preSolution
		Debug|Any CPU = Debug|Any CPU
		Release|Any CPU = Release|Any CPU
	EndGlobalSection
	GlobalSection(ProjectConfigurationPlatforms) = postSolution
		{DC826601-80E8-439D-A4AC-CA95F2935FD7}.Debug|Any CPU.ActiveCfg = Debug|Any CPU
		{DC826601-80E8-439D-A4AC-CA95F2935FD7}.Debug|Any CPU.Build.0 = Debug|Any CPU
		{DC826601-80E8-439D-A4AC-CA95F2935FD7}.Release|Any CPU.ActiveCfg = Release|Any CPU
		{DC826601-80E8-439D-A4AC-CA95F2935FD7}.Release|Any CPU.Build.0 = Release|Any CPU
	EndGlobalSection
	GlobalSection(SolutionProperties) = preSolution
		HideSolutionNode = FALSE
	EndGlobalSection
	GlobalSection(ExtensibilityGlobals) = postSolution
		SolutionGuid = {DC9B4FC9-FE06-4A2D-A106-FB5C85F6DF1E}
	EndGlobalSection
EndGlobal
